// !$*UTF8*$!
{
	archiveVersion = 1;
	classes = {
	};
	objectVersion = 50;
	objects = {

/* Begin PBXBuildFile section */
		5730E32E25A6BFD200BD7D91 /* TabBarViewController.swift in Sources */ = {isa = PBXBuildFile; fileRef = 5730E32D25A6BFD200BD7D91 /* TabBarViewController.swift */; };
		5730E33325A6C0B000BD7D91 /* WeeklyViewControllerViewController.swift in Sources */ = {isa = PBXBuildFile; fileRef = 5730E33225A6C0B000BD7D91 /* WeeklyViewControllerViewController.swift */; };
		5730E34325A6C6ED00BD7D91 /* Shows.swift in Sources */ = {isa = PBXBuildFile; fileRef = 5730E34225A6C6ED00BD7D91 /* Shows.swift */; };
		5730E34825A6CEC900BD7D91 /* NetworkManager.swift in Sources */ = {isa = PBXBuildFile; fileRef = 5730E34725A6CEC900BD7D91 /* NetworkManager.swift */; };
		5730E34D25A6CF0800BD7D91 /* ErrorMessage.swift in Sources */ = {isa = PBXBuildFile; fileRef = 5730E34C25A6CF0800BD7D91 /* ErrorMessage.swift */; };
		575D448525B4F2350034D238 /* TVDetailsViewController.swift in Sources */ = {isa = PBXBuildFile; fileRef = 575D448425B4F2350034D238 /* TVDetailsViewController.swift */; };
		5760A60925A97D0C0011CF3B /* SecondaryLabel.swift in Sources */ = {isa = PBXBuildFile; fileRef = 5760A60825A97D0C0011CF3B /* SecondaryLabel.swift */; };
		5760A61025A97E9F0011CF3B /* TextField.swift in Sources */ = {isa = PBXBuildFile; fileRef = 5760A60F25A97E9F0011CF3B /* TextField.swift */; };
		5760A61825A97FFC0011CF3B /* TvImage.swift in Sources */ = {isa = PBXBuildFile; fileRef = 5760A61725A97FFC0011CF3B /* TvImage.swift */; };
		57A730A425AC725C0091ED84 /* AnimationViewController.swift in Sources */ = {isa = PBXBuildFile; fileRef = 57A730A325AC725C0091ED84 /* AnimationViewController.swift */; };
		57AD1C0F25A97A250079E829 /* TitleLabel.swift in Sources */ = {isa = PBXBuildFile; fileRef = 57AD1C0E25A97A250079E829 /* TitleLabel.swift */; };
		57AD1C1425A97B450079E829 /* BodyLabel.swift in Sources */ = {isa = PBXBuildFile; fileRef = 57AD1C1325A97B450079E829 /* BodyLabel.swift */; };
		57B7467C25B524BB00D0A11D /* TvShowDetailsViewController.swift in Sources */ = {isa = PBXBuildFile; fileRef = 57B7467B25B524BB00D0A11D /* TvShowDetailsViewController.swift */; };
		57E3B75325A563BB00C98BF6 /* AppDelegate.swift in Sources */ = {isa = PBXBuildFile; fileRef = 57E3B75225A563BB00C98BF6 /* AppDelegate.swift */; };
		57E3B75525A563BB00C98BF6 /* SceneDelegate.swift in Sources */ = {isa = PBXBuildFile; fileRef = 57E3B75425A563BB00C98BF6 /* SceneDelegate.swift */; };
		57E3B75725A563BB00C98BF6 /* FavoriteViewController.swift in Sources */ = {isa = PBXBuildFile; fileRef = 57E3B75625A563BB00C98BF6 /* FavoriteViewController.swift */; };
		57E3B75C25A563BB00C98BF6 /* Assets.xcassets in Resources */ = {isa = PBXBuildFile; fileRef = 57E3B75B25A563BB00C98BF6 /* Assets.xcassets */; };
		57E3B75F25A563BB00C98BF6 /* LaunchScreen.storyboard in Resources */ = {isa = PBXBuildFile; fileRef = 57E3B75D25A563BB00C98BF6 /* LaunchScreen.storyboard */; };
		57E3B76A25A563BC00C98BF6 /* Trending_Tv_ShowsTests.swift in Sources */ = {isa = PBXBuildFile; fileRef = 57E3B76925A563BC00C98BF6 /* Trending_Tv_ShowsTests.swift */; };
		57E3B77525A563BC00C98BF6 /* Trending_Tv_ShowsUITests.swift in Sources */ = {isa = PBXBuildFile; fileRef = 57E3B77425A563BC00C98BF6 /* Trending_Tv_ShowsUITests.swift */; };
		57EB3D4825AAB91000265DCF /* TvCellCollectionViewCell.swift in Sources */ = {isa = PBXBuildFile; fileRef = 57EB3D4725AAB91000265DCF /* TvCellCollectionViewCell.swift */; };
/* End PBXBuildFile section */

/* Begin PBXContainerItemProxy section */
		57E3B76625A563BC00C98BF6 /* PBXContainerItemProxy */ = {
			isa = PBXContainerItemProxy;
			containerPortal = 57E3B74725A563BB00C98BF6 /* Project object */;
			proxyType = 1;
			remoteGlobalIDString = 57E3B74E25A563BB00C98BF6;
			remoteInfo = "Trending Tv Shows";
		};
		57E3B77125A563BC00C98BF6 /* PBXContainerItemProxy */ = {
			isa = PBXContainerItemProxy;
			containerPortal = 57E3B74725A563BB00C98BF6 /* Project object */;
			proxyType = 1;
			remoteGlobalIDString = 57E3B74E25A563BB00C98BF6;
			remoteInfo = "Trending Tv Shows";
		};
/* End PBXContainerItemProxy section */

/* Begin PBXFileReference section */
		5730E32D25A6BFD200BD7D91 /* TabBarViewController.swift */ = {isa = PBXFileReference; lastKnownFileType = sourcecode.swift; path = TabBarViewController.swift; sourceTree = "<group>"; };
		5730E33225A6C0B000BD7D91 /* WeeklyViewControllerViewController.swift */ = {isa = PBXFileReference; lastKnownFileType = sourcecode.swift; path = WeeklyViewControllerViewController.swift; sourceTree = "<group>"; };
		5730E34225A6C6ED00BD7D91 /* Shows.swift */ = {isa = PBXFileReference; lastKnownFileType = sourcecode.swift; path = Shows.swift; sourceTree = "<group>"; };
		5730E34725A6CEC900BD7D91 /* NetworkManager.swift */ = {isa = PBXFileReference; lastKnownFileType = sourcecode.swift; path = NetworkManager.swift; sourceTree = "<group>"; };
		5730E34C25A6CF0800BD7D91 /* ErrorMessage.swift */ = {isa = PBXFileReference; lastKnownFileType = sourcecode.swift; path = ErrorMessage.swift; sourceTree = "<group>"; };
		575D448425B4F2350034D238 /* TVDetailsViewController.swift */ = {isa = PBXFileReference; lastKnownFileType = sourcecode.swift; path = TVDetailsViewController.swift; sourceTree = "<group>"; };
		5760A60825A97D0C0011CF3B /* SecondaryLabel.swift */ = {isa = PBXFileReference; lastKnownFileType = sourcecode.swift; path = SecondaryLabel.swift; sourceTree = "<group>"; };
		5760A60F25A97E9F0011CF3B /* TextField.swift */ = {isa = PBXFileReference; lastKnownFileType = sourcecode.swift; path = TextField.swift; sourceTree = "<group>"; };
		5760A61725A97FFC0011CF3B /* TvImage.swift */ = {isa = PBXFileReference; lastKnownFileType = sourcecode.swift; path = TvImage.swift; sourceTree = "<group>"; };
		57A730A325AC725C0091ED84 /* AnimationViewController.swift */ = {isa = PBXFileReference; lastKnownFileType = sourcecode.swift; path = AnimationViewController.swift; sourceTree = "<group>"; };
		57AD1C0E25A97A250079E829 /* TitleLabel.swift */ = {isa = PBXFileReference; lastKnownFileType = sourcecode.swift; path = TitleLabel.swift; sourceTree = "<group>"; };
		57AD1C1325A97B450079E829 /* BodyLabel.swift */ = {isa = PBXFileReference; lastKnownFileType = sourcecode.swift; path = BodyLabel.swift; sourceTree = "<group>"; };
		57B7467B25B524BB00D0A11D /* TvShowDetailsViewController.swift */ = {isa = PBXFileReference; lastKnownFileType = sourcecode.swift; path = TvShowDetailsViewController.swift; sourceTree = "<group>"; };
		57E3B74F25A563BB00C98BF6 /* Trending Tv Shows.app */ = {isa = PBXFileReference; explicitFileType = wrapper.application; includeInIndex = 0; path = "Trending Tv Shows.app"; sourceTree = BUILT_PRODUCTS_DIR; };
		57E3B75225A563BB00C98BF6 /* AppDelegate.swift */ = {isa = PBXFileReference; lastKnownFileType = sourcecode.swift; path = AppDelegate.swift; sourceTree = "<group>"; };
		57E3B75425A563BB00C98BF6 /* SceneDelegate.swift */ = {isa = PBXFileReference; lastKnownFileType = sourcecode.swift; path = SceneDelegate.swift; sourceTree = "<group>"; };
		57E3B75625A563BB00C98BF6 /* FavoriteViewController.swift */ = {isa = PBXFileReference; lastKnownFileType = sourcecode.swift; path = FavoriteViewController.swift; sourceTree = "<group>"; };
		57E3B75B25A563BB00C98BF6 /* Assets.xcassets */ = {isa = PBXFileReference; lastKnownFileType = folder.assetcatalog; path = Assets.xcassets; sourceTree = "<group>"; };
		57E3B75E25A563BB00C98BF6 /* Base */ = {isa = PBXFileReference; lastKnownFileType = file.storyboard; name = Base; path = Base.lproj/LaunchScreen.storyboard; sourceTree = "<group>"; };
		57E3B76025A563BC00C98BF6 /* Info.plist */ = {isa = PBXFileReference; lastKnownFileType = text.plist.xml; path = Info.plist; sourceTree = "<group>"; };
		57E3B76525A563BC00C98BF6 /* Trending Tv ShowsTests.xctest */ = {isa = PBXFileReference; explicitFileType = wrapper.cfbundle; includeInIndex = 0; path = "Trending Tv ShowsTests.xctest"; sourceTree = BUILT_PRODUCTS_DIR; };
		57E3B76925A563BC00C98BF6 /* Trending_Tv_ShowsTests.swift */ = {isa = PBXFileReference; lastKnownFileType = sourcecode.swift; path = Trending_Tv_ShowsTests.swift; sourceTree = "<group>"; };
		57E3B76B25A563BC00C98BF6 /* Info.plist */ = {isa = PBXFileReference; lastKnownFileType = text.plist.xml; path = Info.plist; sourceTree = "<group>"; };
		57E3B77025A563BC00C98BF6 /* Trending Tv ShowsUITests.xctest */ = {isa = PBXFileReference; explicitFileType = wrapper.cfbundle; includeInIndex = 0; path = "Trending Tv ShowsUITests.xctest"; sourceTree = BUILT_PRODUCTS_DIR; };
		57E3B77425A563BC00C98BF6 /* Trending_Tv_ShowsUITests.swift */ = {isa = PBXFileReference; lastKnownFileType = sourcecode.swift; path = Trending_Tv_ShowsUITests.swift; sourceTree = "<group>"; };
		57E3B77625A563BC00C98BF6 /* Info.plist */ = {isa = PBXFileReference; lastKnownFileType = text.plist.xml; path = Info.plist; sourceTree = "<group>"; };
		57EB3D4725AAB91000265DCF /* TvCellCollectionViewCell.swift */ = {isa = PBXFileReference; lastKnownFileType = sourcecode.swift; path = TvCellCollectionViewCell.swift; sourceTree = "<group>"; };
/* End PBXFileReference section */

/* Begin PBXFrameworksBuildPhase section */
		57E3B74C25A563BB00C98BF6 /* Frameworks */ = {
			isa = PBXFrameworksBuildPhase;
			buildActionMask = 2147483647;
			files = (
			);
			runOnlyForDeploymentPostprocessing = 0;
		};
		57E3B76225A563BC00C98BF6 /* Frameworks */ = {
			isa = PBXFrameworksBuildPhase;
			buildActionMask = 2147483647;
			files = (
			);
			runOnlyForDeploymentPostprocessing = 0;
		};
		57E3B76D25A563BC00C98BF6 /* Frameworks */ = {
			isa = PBXFrameworksBuildPhase;
			buildActionMask = 2147483647;
			files = (
			);
			runOnlyForDeploymentPostprocessing = 0;
		};
/* End PBXFrameworksBuildPhase section */

/* Begin PBXGroup section */
		5730E33A25A6C2DF00BD7D91 /* Tab Controllers  */ = {
			isa = PBXGroup;
			children = (
				5730E32D25A6BFD200BD7D91 /* TabBarViewController.swift */,
			);
			path = "Tab Controllers ";
			sourceTree = "<group>";
		};
		5730E33E25A6C2F900BD7D91 /* Screens */ = {
			isa = PBXGroup;
			children = (
				5730E33225A6C0B000BD7D91 /* WeeklyViewControllerViewController.swift */,
				575D448425B4F2350034D238 /* TVDetailsViewController.swift */,
				57E3B75625A563BB00C98BF6 /* FavoriteViewController.swift */,
				57B7467B25B524BB00D0A11D /* TvShowDetailsViewController.swift */,
			);
			path = Screens;
			sourceTree = "<group>";
		};
		5730E35425A6D77000BD7D91 /* Models */ = {
			isa = PBXGroup;
			children = (
				5730E34725A6CEC900BD7D91 /* NetworkManager.swift */,
				5730E34C25A6CF0800BD7D91 /* ErrorMessage.swift */,
				5730E34225A6C6ED00BD7D91 /* Shows.swift */,
			);
			path = Models;
			sourceTree = "<group>";
		};
		5760A60D25A97D360011CF3B /* Labels */ = {
			isa = PBXGroup;
			children = (
				57AD1C0E25A97A250079E829 /* TitleLabel.swift */,
				5760A60825A97D0C0011CF3B /* SecondaryLabel.swift */,
				57AD1C1325A97B450079E829 /* BodyLabel.swift */,
			);
			path = Labels;
			sourceTree = "<group>";
		};
		5760A60E25A97E480011CF3B /* TextFields */ = {
			isa = PBXGroup;
			children = (
				5760A60F25A97E9F0011CF3B /* TextField.swift */,
			);
			path = TextFields;
			sourceTree = "<group>";
		};
		57B7467725B5245C00D0A11D /* Cells */ = {
			isa = PBXGroup;
			children = (
				57EB3D4725AAB91000265DCF /* TvCellCollectionViewCell.swift */,
			);
			path = Cells;
			sourceTree = "<group>";
		};
		57E3B74625A563BB00C98BF6 = {
			isa = PBXGroup;
			children = (
				57E3B75125A563BB00C98BF6 /* Trending Tv Shows */,
				57E3B76825A563BC00C98BF6 /* Trending Tv ShowsTests */,
				57E3B77325A563BC00C98BF6 /* Trending Tv ShowsUITests */,
				57E3B75025A563BB00C98BF6 /* Products */,
			);
			sourceTree = "<group>";
		};
		57E3B75025A563BB00C98BF6 /* Products */ = {
			isa = PBXGroup;
			children = (
				57E3B74F25A563BB00C98BF6 /* Trending Tv Shows.app */,
				57E3B76525A563BC00C98BF6 /* Trending Tv ShowsTests.xctest */,
				57E3B77025A563BC00C98BF6 /* Trending Tv ShowsUITests.xctest */,
			);
			name = Products;
			sourceTree = "<group>";
		};
		57E3B75125A563BB00C98BF6 /* Trending Tv Shows */ = {
			isa = PBXGroup;
			children = (
				57E3B75225A563BB00C98BF6 /* AppDelegate.swift */,
				57EB3D4C25AABA1100265DCF /* UIExtension */,
				5730E35425A6D77000BD7D91 /* Models */,
				5730E33A25A6C2DF00BD7D91 /* Tab Controllers  */,
				5730E33E25A6C2F900BD7D91 /* Screens */,
				57B7467725B5245C00D0A11D /* Cells */,
				5760A60D25A97D360011CF3B /* Labels */,
				5760A60E25A97E480011CF3B /* TextFields */,
				57F31A6A25A9925700D788FE /* Image */,
				57E3B75B25A563BB00C98BF6 /* Assets.xcassets */,
				57E3B75D25A563BB00C98BF6 /* LaunchScreen.storyboard */,
				57E3B75425A563BB00C98BF6 /* SceneDelegate.swift */,
				57E3B76025A563BC00C98BF6 /* Info.plist */,
			);
			path = "Trending Tv Shows";
			sourceTree = "<group>";
		};
		57E3B76825A563BC00C98BF6 /* Trending Tv ShowsTests */ = {
			isa = PBXGroup;
			children = (
				57E3B76925A563BC00C98BF6 /* Trending_Tv_ShowsTests.swift */,
				57E3B76B25A563BC00C98BF6 /* Info.plist */,
			);
			path = "Trending Tv ShowsTests";
			sourceTree = "<group>";
		};
		57E3B77325A563BC00C98BF6 /* Trending Tv ShowsUITests */ = {
			isa = PBXGroup;
			children = (
				57E3B77425A563BC00C98BF6 /* Trending_Tv_ShowsUITests.swift */,
				57E3B77625A563BC00C98BF6 /* Info.plist */,
			);
			path = "Trending Tv ShowsUITests";
			sourceTree = "<group>";
		};
		57EB3D4C25AABA1100265DCF /* UIExtension */ = {
			isa = PBXGroup;
			children = (
				57A730A325AC725C0091ED84 /* AnimationViewController.swift */,
			);
			path = UIExtension;
			sourceTree = "<group>";
		};
		57F31A6A25A9925700D788FE /* Image */ = {
			isa = PBXGroup;
			children = (
				5760A61725A97FFC0011CF3B /* TvImage.swift */,
			);
			path = Image;
			sourceTree = "<group>";
		};
/* End PBXGroup section */

/* Begin PBXNativeTarget section */
		57E3B74E25A563BB00C98BF6 /* Trending Tv Shows */ = {
			isa = PBXNativeTarget;
			buildConfigurationList = 57E3B77925A563BC00C98BF6 /* Build configuration list for PBXNativeTarget "Trending Tv Shows" */;
			buildPhases = (
				57E3B74B25A563BB00C98BF6 /* Sources */,
				57E3B74C25A563BB00C98BF6 /* Frameworks */,
				57E3B74D25A563BB00C98BF6 /* Resources */,
			);
			buildRules = (
			);
			dependencies = (
			);
			name = "Trending Tv Shows";
			productName = "Trending Tv Shows";
			productReference = 57E3B74F25A563BB00C98BF6 /* Trending Tv Shows.app */;
			productType = "com.apple.product-type.application";
		};
		57E3B76425A563BC00C98BF6 /* Trending Tv ShowsTests */ = {
			isa = PBXNativeTarget;
			buildConfigurationList = 57E3B77C25A563BC00C98BF6 /* Build configuration list for PBXNativeTarget "Trending Tv ShowsTests" */;
			buildPhases = (
				57E3B76125A563BC00C98BF6 /* Sources */,
				57E3B76225A563BC00C98BF6 /* Frameworks */,
				57E3B76325A563BC00C98BF6 /* Resources */,
			);
			buildRules = (
			);
			dependencies = (
				57E3B76725A563BC00C98BF6 /* PBXTargetDependency */,
			);
			name = "Trending Tv ShowsTests";
			productName = "Trending Tv ShowsTests";
			productReference = 57E3B76525A563BC00C98BF6 /* Trending Tv ShowsTests.xctest */;
			productType = "com.apple.product-type.bundle.unit-test";
		};
		57E3B76F25A563BC00C98BF6 /* Trending Tv ShowsUITests */ = {
			isa = PBXNativeTarget;
			buildConfigurationList = 57E3B77F25A563BC00C98BF6 /* Build configuration list for PBXNativeTarget "Trending Tv ShowsUITests" */;
			buildPhases = (
				57E3B76C25A563BC00C98BF6 /* Sources */,
				57E3B76D25A563BC00C98BF6 /* Frameworks */,
				57E3B76E25A563BC00C98BF6 /* Resources */,
			);
			buildRules = (
			);
			dependencies = (
				57E3B77225A563BC00C98BF6 /* PBXTargetDependency */,
			);
			name = "Trending Tv ShowsUITests";
			productName = "Trending Tv ShowsUITests";
			productReference = 57E3B77025A563BC00C98BF6 /* Trending Tv ShowsUITests.xctest */;
			productType = "com.apple.product-type.bundle.ui-testing";
		};
/* End PBXNativeTarget section */

/* Begin PBXProject section */
		57E3B74725A563BB00C98BF6 /* Project object */ = {
			isa = PBXProject;
			attributes = {
				LastSwiftUpdateCheck = 1230;
				LastUpgradeCheck = 1230;
				TargetAttributes = {
					57E3B74E25A563BB00C98BF6 = {
						CreatedOnToolsVersion = 12.3;
					};
					57E3B76425A563BC00C98BF6 = {
						CreatedOnToolsVersion = 12.3;
						TestTargetID = 57E3B74E25A563BB00C98BF6;
					};
					57E3B76F25A563BC00C98BF6 = {
						CreatedOnToolsVersion = 12.3;
						TestTargetID = 57E3B74E25A563BB00C98BF6;
					};
				};
			};
			buildConfigurationList = 57E3B74A25A563BB00C98BF6 /* Build configuration list for PBXProject "Trending Tv Shows" */;
			compatibilityVersion = "Xcode 9.3";
			developmentRegion = en;
			hasScannedForEncodings = 0;
			knownRegions = (
				en,
				Base,
			);
			mainGroup = 57E3B74625A563BB00C98BF6;
			productRefGroup = 57E3B75025A563BB00C98BF6 /* Products */;
			projectDirPath = "";
			projectRoot = "";
			targets = (
				57E3B74E25A563BB00C98BF6 /* Trending Tv Shows */,
				57E3B76425A563BC00C98BF6 /* Trending Tv ShowsTests */,
				57E3B76F25A563BC00C98BF6 /* Trending Tv ShowsUITests */,
			);
		};
/* End PBXProject section */

/* Begin PBXResourcesBuildPhase section */
		57E3B74D25A563BB00C98BF6 /* Resources */ = {
			isa = PBXResourcesBuildPhase;
			buildActionMask = 2147483647;
			files = (
				57E3B75F25A563BB00C98BF6 /* LaunchScreen.storyboard in Resources */,
				57E3B75C25A563BB00C98BF6 /* Assets.xcassets in Resources */,
			);
			runOnlyForDeploymentPostprocessing = 0;
		};
		57E3B76325A563BC00C98BF6 /* Resources */ = {
			isa = PBXResourcesBuildPhase;
			buildActionMask = 2147483647;
			files = (
			);
			runOnlyForDeploymentPostprocessing = 0;
		};
		57E3B76E25A563BC00C98BF6 /* Resources */ = {
			isa = PBXResourcesBuildPhase;
			buildActionMask = 2147483647;
			files = (
			);
			runOnlyForDeploymentPostprocessing = 0;
		};
/* End PBXResourcesBuildPhase section */

/* Begin PBXSourcesBuildPhase section */
		57E3B74B25A563BB00C98BF6 /* Sources */ = {
			isa = PBXSourcesBuildPhase;
			buildActionMask = 2147483647;
			files = (
				5730E32E25A6BFD200BD7D91 /* TabBarViewController.swift in Sources */,
				5760A61825A97FFC0011CF3B /* TvImage.swift in Sources */,
				57E3B75725A563BB00C98BF6 /* FavoriteViewController.swift in Sources */,
				57AD1C1425A97B450079E829 /* BodyLabel.swift in Sources */,
				575D448525B4F2350034D238 /* TVDetailsViewController.swift in Sources */,
				5760A61025A97E9F0011CF3B /* TextField.swift in Sources */,
				5730E33325A6C0B000BD7D91 /* WeeklyViewControllerViewController.swift in Sources */,
				5730E34825A6CEC900BD7D91 /* NetworkManager.swift in Sources */,
				5730E34D25A6CF0800BD7D91 /* ErrorMessage.swift in Sources */,
				57EB3D4825AAB91000265DCF /* TvCellCollectionViewCell.swift in Sources */,
				57E3B75325A563BB00C98BF6 /* AppDelegate.swift in Sources */,
				57AD1C0F25A97A250079E829 /* TitleLabel.swift in Sources */,
				5730E34325A6C6ED00BD7D91 /* Shows.swift in Sources */,
				57B7467C25B524BB00D0A11D /* TvShowDetailsViewController.swift in Sources */,
				57A730A425AC725C0091ED84 /* AnimationViewController.swift in Sources */,
				5760A60925A97D0C0011CF3B /* SecondaryLabel.swift in Sources */,
				57E3B75525A563BB00C98BF6 /* SceneDelegate.swift in Sources */,
			);
			runOnlyForDeploymentPostprocessing = 0;
		};
		57E3B76125A563BC00C98BF6 /* Sources */ = {
			isa = PBXSourcesBuildPhase;
			buildActionMask = 2147483647;
			files = (
				57E3B76A25A563BC00C98BF6 /* Trending_Tv_ShowsTests.swift in Sources */,
			);
			runOnlyForDeploymentPostprocessing = 0;
		};
		57E3B76C25A563BC00C98BF6 /* Sources */ = {
			isa = PBXSourcesBuildPhase;
			buildActionMask = 2147483647;
			files = (
				57E3B77525A563BC00C98BF6 /* Trending_Tv_ShowsUITests.swift in Sources */,
			);
			runOnlyForDeploymentPostprocessing = 0;
		};
/* End PBXSourcesBuildPhase section */

/* Begin PBXTargetDependency section */
		57E3B76725A563BC00C98BF6 /* PBXTargetDependency */ = {
			isa = PBXTargetDependency;
			target = 57E3B74E25A563BB00C98BF6 /* Trending Tv Shows */;
			targetProxy = 57E3B76625A563BC00C98BF6 /* PBXContainerItemProxy */;
		};
		57E3B77225A563BC00C98BF6 /* PBXTargetDependency */ = {
			isa = PBXTargetDependency;
			target = 57E3B74E25A563BB00C98BF6 /* Trending Tv Shows */;
			targetProxy = 57E3B77125A563BC00C98BF6 /* PBXContainerItemProxy */;
		};
/* End PBXTargetDependency section */

/* Begin PBXVariantGroup section */
		57E3B75D25A563BB00C98BF6 /* LaunchScreen.storyboard */ = {
			isa = PBXVariantGroup;
			children = (
				57E3B75E25A563BB00C98BF6 /* Base */,
			);
			name = LaunchScreen.storyboard;
			sourceTree = "<group>";
		};
/* End PBXVariantGroup section */

/* Begin XCBuildConfiguration section */
		57E3B77725A563BC00C98BF6 /* Debug */ = {
			isa = XCBuildConfiguration;
			buildSettings = {
				ALWAYS_SEARCH_USER_PATHS = NO;
				CLANG_ANALYZER_NONNULL = YES;
				CLANG_ANALYZER_NUMBER_OBJECT_CONVERSION = YES_AGGRESSIVE;
				CLANG_CXX_LANGUAGE_STANDARD = "gnu++14";
				CLANG_CXX_LIBRARY = "libc++";
				CLANG_ENABLE_MODULES = YES;
				CLANG_ENABLE_OBJC_ARC = YES;
				CLANG_ENABLE_OBJC_WEAK = YES;
				CLANG_WARN_BLOCK_CAPTURE_AUTORELEASING = YES;
				CLANG_WARN_BOOL_CONVERSION = YES;
				CLANG_WARN_COMMA = YES;
				CLANG_WARN_CONSTANT_CONVERSION = YES;
				CLANG_WARN_DEPRECATED_OBJC_IMPLEMENTATIONS = YES;
				CLANG_WARN_DIRECT_OBJC_ISA_USAGE = YES_ERROR;
				CLANG_WARN_DOCUMENTATION_COMMENTS = YES;
				CLANG_WARN_EMPTY_BODY = YES;
				CLANG_WARN_ENUM_CONVERSION = YES;
				CLANG_WARN_INFINITE_RECURSION = YES;
				CLANG_WARN_INT_CONVERSION = YES;
				CLANG_WARN_NON_LITERAL_NULL_CONVERSION = YES;
				CLANG_WARN_OBJC_IMPLICIT_RETAIN_SELF = YES;
				CLANG_WARN_OBJC_LITERAL_CONVERSION = YES;
				CLANG_WARN_OBJC_ROOT_CLASS = YES_ERROR;
				CLANG_WARN_QUOTED_INCLUDE_IN_FRAMEWORK_HEADER = YES;
				CLANG_WARN_RANGE_LOOP_ANALYSIS = YES;
				CLANG_WARN_STRICT_PROTOTYPES = YES;
				CLANG_WARN_SUSPICIOUS_MOVE = YES;
				CLANG_WARN_UNGUARDED_AVAILABILITY = YES_AGGRESSIVE;
				CLANG_WARN_UNREACHABLE_CODE = YES;
				CLANG_WARN__DUPLICATE_METHOD_MATCH = YES;
				COPY_PHASE_STRIP = NO;
				DEBUG_INFORMATION_FORMAT = dwarf;
				ENABLE_STRICT_OBJC_MSGSEND = YES;
				ENABLE_TESTABILITY = YES;
				GCC_C_LANGUAGE_STANDARD = gnu11;
				GCC_DYNAMIC_NO_PIC = NO;
				GCC_NO_COMMON_BLOCKS = YES;
				GCC_OPTIMIZATION_LEVEL = 0;
				GCC_PREPROCESSOR_DEFINITIONS = (
					"DEBUG=1",
					"$(inherited)",
				);
				GCC_WARN_64_TO_32_BIT_CONVERSION = YES;
				GCC_WARN_ABOUT_RETURN_TYPE = YES_ERROR;
				GCC_WARN_UNDECLARED_SELECTOR = YES;
				GCC_WARN_UNINITIALIZED_AUTOS = YES_AGGRESSIVE;
				GCC_WARN_UNUSED_FUNCTION = YES;
				GCC_WARN_UNUSED_VARIABLE = YES;
				IPHONEOS_DEPLOYMENT_TARGET = 14.3;
				MTL_ENABLE_DEBUG_INFO = INCLUDE_SOURCE;
				MTL_FAST_MATH = YES;
				ONLY_ACTIVE_ARCH = YES;
				SDKROOT = iphoneos;
				SWIFT_ACTIVE_COMPILATION_CONDITIONS = DEBUG;
				SWIFT_OPTIMIZATION_LEVEL = "-Onone";
			};
			name = Debug;
		};
		57E3B77825A563BC00C98BF6 /* Release */ = {
			isa = XCBuildConfiguration;
			buildSettings = {
				ALWAYS_SEARCH_USER_PATHS = NO;
				CLANG_ANALYZER_NONNULL = YES;
				CLANG_ANALYZER_NUMBER_OBJECT_CONVERSION = YES_AGGRESSIVE;
				CLANG_CXX_LANGUAGE_STANDARD = "gnu++14";
				CLANG_CXX_LIBRARY = "libc++";
				CLANG_ENABLE_MODULES = YES;
				CLANG_ENABLE_OBJC_ARC = YES;
				CLANG_ENABLE_OBJC_WEAK = YES;
				CLANG_WARN_BLOCK_CAPTURE_AUTORELEASING = YES;
				CLANG_WARN_BOOL_CONVERSION = YES;
				CLANG_WARN_COMMA = YES;
				CLANG_WARN_CONSTANT_CONVERSION = YES;
				CLANG_WARN_DEPRECATED_OBJC_IMPLEMENTATIONS = YES;
				CLANG_WARN_DIRECT_OBJC_ISA_USAGE = YES_ERROR;
				CLANG_WARN_DOCUMENTATION_COMMENTS = YES;
				CLANG_WARN_EMPTY_BODY = YES;
				CLANG_WARN_ENUM_CONVERSION = YES;
				CLANG_WARN_INFINITE_RECURSION = YES;
				CLANG_WARN_INT_CONVERSION = YES;
				CLANG_WARN_NON_LITERAL_NULL_CONVERSION = YES;
				CLANG_WARN_OBJC_IMPLICIT_RETAIN_SELF = YES;
				CLANG_WARN_OBJC_LITERAL_CONVERSION = YES;
				CLANG_WARN_OBJC_ROOT_CLASS = YES_ERROR;
				CLANG_WARN_QUOTED_INCLUDE_IN_FRAMEWORK_HEADER = YES;
				CLANG_WARN_RANGE_LOOP_ANALYSIS = YES;
				CLANG_WARN_STRICT_PROTOTYPES = YES;
				CLANG_WARN_SUSPICIOUS_MOVE = YES;
				CLANG_WARN_UNGUARDED_AVAILABILITY = YES_AGGRESSIVE;
				CLANG_WARN_UNREACHABLE_CODE = YES;
				CLANG_WARN__DUPLICATE_METHOD_MATCH = YES;
				COPY_PHASE_STRIP = NO;
				DEBUG_INFORMATION_FORMAT = "dwarf-with-dsym";
				ENABLE_NS_ASSERTIONS = NO;
				ENABLE_STRICT_OBJC_MSGSEND = YES;
				GCC_C_LANGUAGE_STANDARD = gnu11;
				GCC_NO_COMMON_BLOCKS = YES;
				GCC_WARN_64_TO_32_BIT_CONVERSION = YES;
				GCC_WARN_ABOUT_RETURN_TYPE = YES_ERROR;
				GCC_WARN_UNDECLARED_SELECTOR = YES;
				GCC_WARN_UNINITIALIZED_AUTOS = YES_AGGRESSIVE;
				GCC_WARN_UNUSED_FUNCTION = YES;
				GCC_WARN_UNUSED_VARIABLE = YES;
				IPHONEOS_DEPLOYMENT_TARGET = 14.3;
				MTL_ENABLE_DEBUG_INFO = NO;
				MTL_FAST_MATH = YES;
				SDKROOT = iphoneos;
				SWIFT_COMPILATION_MODE = wholemodule;
				SWIFT_OPTIMIZATION_LEVEL = "-O";
				VALIDATE_PRODUCT = YES;
			};
			name = Release;
		};
		57E3B77A25A563BC00C98BF6 /* Debug */ = {
			isa = XCBuildConfiguration;
			buildSettings = {
				ASSETCATALOG_COMPILER_APPICON_NAME = AppIcon;
				ASSETCATALOG_COMPILER_GLOBAL_ACCENT_COLOR_NAME = AccentColor;
				CODE_SIGN_STYLE = Automatic;
				INFOPLIST_FILE = "Trending Tv Shows/Info.plist";
				LD_RUNPATH_SEARCH_PATHS = (
					"$(inherited)",
					"@executable_path/Frameworks",
				);
				PRODUCT_BUNDLE_IDENTIFIER = "N-A.Trending-Tv-Shows";
				PRODUCT_NAME = "$(TARGET_NAME)";
				SWIFT_VERSION = 5.0;
				TARGETED_DEVICE_FAMILY = 1;
			};
			name = Debug;
		};
		57E3B77B25A563BC00C98BF6 /* Release */ = {
			isa = XCBuildConfiguration;
			buildSettings = {
				ASSETCATALOG_COMPILER_APPICON_NAME = AppIcon;
				ASSETCATALOG_COMPILER_GLOBAL_ACCENT_COLOR_NAME = AccentColor;
				CODE_SIGN_STYLE = Automatic;
				INFOPLIST_FILE = "Trending Tv Shows/Info.plist";
				LD_RUNPATH_SEARCH_PATHS = (
					"$(inherited)",
					"@executable_path/Frameworks",
				);
				PRODUCT_BUNDLE_IDENTIFIER = "N-A.Trending-Tv-Shows";
				PRODUCT_NAME = "$(TARGET_NAME)";
				SWIFT_VERSION = 5.0;
				TARGETED_DEVICE_FAMILY = 1;
			};
			name = Release;
		};
		57E3B77D25A563BC00C98BF6 /* Debug */ = {
			isa = XCBuildConfiguration;
			buildSettings = {
				ALWAYS_EMBED_SWIFT_STANDARD_LIBRARIES = YES;
				BUNDLE_LOADER = "$(TEST_HOST)";
				CODE_SIGN_STYLE = Automatic;
				INFOPLIST_FILE = "Trending Tv ShowsTests/Info.plist";
				IPHONEOS_DEPLOYMENT_TARGET = 14.3;
				LD_RUNPATH_SEARCH_PATHS = (
					"$(inherited)",
					"@executable_path/Frameworks",
					"@loader_path/Frameworks",
				);
				PRODUCT_BUNDLE_IDENTIFIER = "N-A.Trending-Tv-ShowsTests";
				PRODUCT_NAME = "$(TARGET_NAME)";
				SWIFT_VERSION = 5.0;
				TARGETED_DEVICE_FAMILY = "1,2";
				TEST_HOST = "$(BUILT_PRODUCTS_DIR)/Trending Tv Shows.app/Trending Tv Shows";
			};
			name = Debug;
		};
		57E3B77E25A563BC00C98BF6 /* Release */ = {
			isa = XCBuildConfiguration;
			buildSettings = {
				ALWAYS_EMBED_SWIFT_STANDARD_LIBRARIES = YES;
				BUNDLE_LOADER = "$(TEST_HOST)";
				CODE_SIGN_STYLE = Automatic;
				INFOPLIST_FILE = "Trending Tv ShowsTests/Info.plist";
				IPHONEOS_DEPLOYMENT_TARGET = 14.3;
				LD_RUNPATH_SEARCH_PATHS = (
					"$(inherited)",
					"@executable_path/Frameworks",
					"@loader_path/Frameworks",
				);
				PRODUCT_BUNDLE_IDENTIFIER = "N-A.Trending-Tv-ShowsTests";
				PRODUCT_NAME = "$(TARGET_NAME)";
				SWIFT_VERSION = 5.0;
				TARGETED_DEVICE_FAMILY = "1,2";
				TEST_HOST = "$(BUILT_PRODUCTS_DIR)/Trending Tv Shows.app/Trending Tv Shows";
			};
			name = Release;
		};
		57E3B78025A563BC00C98BF6 /* Debug */ = {
			isa = XCBuildConfiguration;
			buildSettings = {
				ALWAYS_EMBED_SWIFT_STANDARD_LIBRARIES = YES;
				CODE_SIGN_STYLE = Automatic;
				INFOPLIST_FILE = "Trending Tv ShowsUITests/Info.plist";
				LD_RUNPATH_SEARCH_PATHS = (
					"$(inherited)",
					"@executable_path/Frameworks",
					"@loader_path/Frameworks",
				);
				PRODUCT_BUNDLE_IDENTIFIER = "N-A.Trending-Tv-ShowsUITests";
				PRODUCT_NAME = "$(TARGET_NAME)";
				SWIFT_VERSION = 5.0;
				TARGETED_DEVICE_FAMILY = "1,2";
				TEST_TARGET_NAME = "Trending Tv Shows";
			};
			name = Debug;
		};
		57E3B78125A563BC00C98BF6 /* Release */ = {
			isa = XCBuildConfiguration;
			buildSettings = {
				ALWAYS_EMBED_SWIFT_STANDARD_LIBRARIES = YES;
				CODE_SIGN_STYLE = Automatic;
				INFOPLIST_FILE = "Trending Tv ShowsUITests/Info.plist";
				LD_RUNPATH_SEARCH_PATHS = (
					"$(inherited)",
					"@executable_path/Frameworks",
					"@loader_path/Frameworks",
				);
				PRODUCT_BUNDLE_IDENTIFIER = "N-A.Trending-Tv-ShowsUITests";
				PRODUCT_NAME = "$(TARGET_NAME)";
				SWIFT_VERSION = 5.0;
				TARGETED_DEVICE_FAMILY = "1,2";
				TEST_TARGET_NAME = "Trending Tv Shows";
			};
			name = Release;
		};
/* End XCBuildConfiguration section */

/* Begin XCConfigurationList section */
		57E3B74A25A563BB00C98BF6 /* Build configuration list for PBXProject "Trending Tv Shows" */ = {
			isa = XCConfigurationList;
			buildConfigurations = (
				57E3B77725A563BC00C98BF6 /* Debug */,
				57E3B77825A563BC00C98BF6 /* Release */,
			);
			defaultConfigurationIsVisible = 0;
			defaultConfigurationName = Release;
		};
		57E3B77925A563BC00C98BF6 /* Build configuration list for PBXNativeTarget "Trending Tv Shows" */ = {
			isa = XCConfigurationList;
			buildConfigurations = (
				57E3B77A25A563BC00C98BF6 /* Debug */,
				57E3B77B25A563BC00C98BF6 /* Release */,
			);
			defaultConfigurationIsVisible = 0;
			defaultConfigurationName = Release;
		};
		57E3B77C25A563BC00C98BF6 /* Build configuration list for PBXNativeTarget "Trending Tv ShowsTests" */ = {
			isa = XCConfigurationList;
			buildConfigurations = (
				57E3B77D25A563BC00C98BF6 /* Debug */,
				57E3B77E25A563BC00C98BF6 /* Release */,
			);
			defaultConfigurationIsVisible = 0;
			defaultConfigurationName = Release;
		};
		57E3B77F25A563BC00C98BF6 /* Build configuration list for PBXNativeTarget "Trending Tv ShowsUITests" */ = {
			isa = XCConfigurationList;
			buildConfigurations = (
				57E3B78025A563BC00C98BF6 /* Debug */,
				57E3B78125A563BC00C98BF6 /* Release */,
			);
			defaultConfigurationIsVisible = 0;
			defaultConfigurationName = Release;
		};
/* End XCConfigurationList section */
	};
	rootObject = 57E3B74725A563BB00C98BF6 /* Project object */;
}
